{
  "name": "modlist",
  "version": "1.0.0",
  "lockfileVersion": 1,
  "requires": true,
  "dependencies": {
    "@bbob/core": {
      "version": "2.5.5",
      "resolved": "https://registry.npmjs.org/@bbob/core/-/core-2.5.5.tgz",
      "integrity": "sha512-datg3ekG/gO8SRCoSKDGnvEz3mG9A9Qhr+ZLOkqn0IZnoJcdUR2+mufFRNvIhMqaRSZQJIb+uO8p/4imYTv42Q==",
      "requires": {
        "@bbob/parser": "2.5.5"
      }
    },
    "@bbob/html": {
      "version": "2.5.5",
      "resolved": "https://registry.npmjs.org/@bbob/html/-/html-2.5.5.tgz",
      "integrity": "sha512-bwcLxXjD1GTYdsHXYqPV6bcLOWtzKvv5CGE5l3u7wNM5+ah1RTXradYwWmVB7aMl0GM9TQj/iMwMxfszOhRG1g==",
      "requires": {
        "@bbob/core": "2.5.5",
        "@bbob/plugin-helper": "2.5.5"
      }
    },
    "@bbob/parser": {
      "version": "2.5.5",
      "resolved": "https://registry.npmjs.org/@bbob/parser/-/parser-2.5.5.tgz",
      "integrity": "sha512-KHUmvghQ6qd/oUEtwYyOgYBJQo3uZO97zc8ZcxQmeQWqsaDyrqzF1/WQG93glsJsOS6z3F5fDAkmjw0pmfPYFQ==",
      "requires": {
        "@bbob/plugin-helper": "2.5.5"
      }
    },
    "@bbob/plugin-helper": {
      "version": "2.5.5",
      "resolved": "https://registry.npmjs.org/@bbob/plugin-helper/-/plugin-helper-2.5.5.tgz",
      "integrity": "sha512-MGwoYC1fDLZLJN+OmPUBQVpUD7jtPA2R8Wf4qIqKNa3AqoaRkuAOJ8JfIygIiLfUSaL2BVspOeLf4agliWeTgQ=="
    },
    "@bbob/preset": {
      "version": "2.5.5",
      "resolved": "https://registry.npmjs.org/@bbob/preset/-/preset-2.5.5.tgz",
      "integrity": "sha512-a6StTDi5dqTSxXoesCBvRooAbeUMOZ7v7OstfHH3TwB8eaz9AHAhmuVY9dil4JxQXfS+Vh5qWdcomI6OFX2IjA==",
      "requires": {
        "@bbob/plugin-helper": "2.5.5"
      }
    },
    "@bbob/preset-html5": {
      "version": "2.5.5",
      "resolved": "https://registry.npmjs.org/@bbob/preset-html5/-/preset-html5-2.5.5.tgz",
      "integrity": "sha512-hyEOt0WTYPjfT+/B5ugP8qz8Jdgp3phCzI8m5BIk4qFebnu5VpQNSbiWqd5p1I3Ju36VGQFheXrA0lQvIneAcg==",
      "requires": {
        "@bbob/plugin-helper": "2.5.5",
        "@bbob/preset": "2.5.5"
      }
    },
    "@iarna/cli": {
      "version": "2.1.0",
      "resolved": "https://registry.npmjs.org/@iarna/cli/-/cli-2.1.0.tgz",
      "integrity": "sha512-rvVVqDa2g860niRbqs3D5RhL4la3dc1vwk+NlpKPZxKaMSHtE2se6C2x8NeveN+rcjp3/686X+u+09CZ+7lmAQ==",
      "requires": {
        "glob": "7.1.6",
        "signal-exit": "3.0.3"
      }
    },
    "@perl/qr": {
      "version": "1.2.0",
      "resolved": "https://registry.npmjs.org/@perl/qr/-/qr-1.2.0.tgz",
      "integrity": "sha512-C59gNRpYw7/LcWYQw8Bd71Y10m18mveDPryqmwrquQrapwF5ioum8Tedoi4SAaCzwLEwfqVYAB2dWpC6uBdBZw=="
    },
    "balanced-match": {
      "version": "1.0.0",
      "resolved": "https://registry.npmjs.org/balanced-match/-/balanced-match-1.0.0.tgz",
      "integrity": "sha1-ibTRmasr7kneFk6gK4nORi1xt2c="
    },
    "brace-expansion": {
      "version": "1.1.11",
      "resolved": "https://registry.npmjs.org/brace-expansion/-/brace-expansion-1.1.11.tgz",
      "integrity": "sha512-iCuPHDFgrHX7H2vEI/5xpz07zSHB00TpugqhmYtVmMO6518mCuRMoOYFldEBl0g187ufozdaHgWKcYFb61qGiA==",
      "requires": {
        "balanced-match": "1.0.0",
        "concat-map": "0.0.1"
      }
    },
    "concat-map": {
      "version": "0.0.1",
      "resolved": "https://registry.npmjs.org/concat-map/-/concat-map-0.0.1.tgz",
      "integrity": "sha1-2Klr13/Wjfd5OnMDajug1UBdR3s="
    },
    "fs.realpath": {
      "version": "1.0.0",
      "resolved": "https://registry.npmjs.org/fs.realpath/-/fs.realpath-1.0.0.tgz",
      "integrity": "sha1-FQStJSMVjKpA20onh8sBQRmU6k8="
    },
    "funstream": {
      "version": "4.2.0",
      "resolved": "https://registry.npmjs.org/funstream/-/funstream-4.2.0.tgz",
      "integrity": "sha512-oeca9NjlPNa3kspUF90NEJJcPVSqiiP4zRIZ+wv9B6bWSBfUwCR+RuBbKfqSbw+3674Aqk4/3AByBvnTfigf6A==",
      "requires": {
        "isa-stream": "1.1.3"
      }
    },
    "glob": {
      "version": "7.1.6",
      "resolved": "https://registry.npmjs.org/glob/-/glob-7.1.6.tgz",
      "integrity": "sha512-LwaxwyZ72Lk7vZINtNNrywX0ZuLyStrdDtabefZKAY5ZGJhVtgdznluResxNmPitE0SAO+O26sWTHeKSI2wMBA==",
      "requires": {
        "fs.realpath": "1.0.0",
        "inflight": "1.0.6",
        "inherits": "2.0.4",
        "minimatch": "3.0.4",
        "once": "1.4.0",
        "path-is-absolute": "1.0.1"
      }
    },
    "inflight": {
      "version": "1.0.6",
      "resolved": "https://registry.npmjs.org/inflight/-/inflight-1.0.6.tgz",
      "integrity": "sha1-Sb1jMdfQLQwJvJEKEHW6gWW1bfk=",
      "requires": {
        "once": "1.4.0",
        "wrappy": "1.0.2"
      }
    },
    "inherits": {
      "version": "2.0.4",
      "resolved": "https://registry.npmjs.org/inherits/-/inherits-2.0.4.tgz",
      "integrity": "sha512-k/vGaX4/Yla3WzyMCvTQOXYeIHvqOKtnqBduzTHpzpQZzAskKMhZ2K+EnBiSM9zGSoIFeMpXKxa4dYeZIQqewQ=="
    },
    "isa-stream": {
      "version": "1.1.3",
      "resolved": "https://registry.npmjs.org/isa-stream/-/isa-stream-1.1.3.tgz",
      "integrity": "sha512-wJjmZRMJ3cBfb8kb1aBgT00aEhHJDRZ4x8A4B5p06v1u+ryB4WKYP0jacmLG0Ktnk9bwLetcwHoKui7dLojEeA=="
    },
    "marked": {
      "version": "0.8.2",
      "resolved": "https://registry.npmjs.org/marked/-/marked-0.8.2.tgz",
      "integrity": "sha512-EGwzEeCcLniFX51DhTpmTom+dSA/MG/OBUDjnWtHbEnjAH180VzUeAw+oE4+Zv+CoYBWyRlYOTR0N8SO9R1PVw=="
    },
    "minimatch": {
      "version": "3.0.4",
      "resolved": "https://registry.npmjs.org/minimatch/-/minimatch-3.0.4.tgz",
      "integrity": "sha512-yJHVQEhyqPLUTgt9B83PXu6W3rx4MvvHvSUvToogpwoGDOUQ+yDrR0HRot+yOCdCO7u4hX3pWft6kWBBcqh0UA==",
      "requires": {
        "brace-expansion": "1.1.11"
      }
    },
    "once": {
      "version": "1.4.0",
      "resolved": "https://registry.npmjs.org/once/-/once-1.4.0.tgz",
      "integrity": "sha1-WDsap3WWHUsROsF9nFC6753Xa9E=",
      "requires": {
        "wrappy": "1.0.2"
      }
    },
    "path-is-absolute": {
      "version": "1.0.1",
      "resolved": "https://registry.npmjs.org/path-is-absolute/-/path-is-absolute-1.0.1.tgz",
      "integrity": "sha1-F0uSaHNVNP+8es5r9TpanhtcX18="
    },
    "signal-exit": {
      "version": "3.0.3",
      "resolved": "https://registry.npmjs.org/signal-exit/-/signal-exit-3.0.3.tgz",
      "integrity": "sha512-VUJ49FC8U1OxwZLxIbTTrDvLnf/6TDgxZcK8wxR8zs13xpx7xbG60ndBlhNrFi2EMuFRoeDoJO7wthSLq42EjA=="
    },
    "wrappy": {
      "version": "1.0.2",
      "resolved": "https://registry.npmjs.org/wrappy/-/wrappy-1.0.2.tgz",
      "integrity": "sha1-tSQ9jz7BqjXxNkYFvA0QNuMKtp8="
    }
  }
}
